
Microsoft Visual Studio Solution File, Format Version 12.00
# Visual Studio Version 17
VisualStudioVersion = 17.2.32630.192
MinimumVisualStudioVersion = 10.0.40219.1
Project("{FAE04EC0-301F-11D3-BF4B-00C04F79EFBC}") = "MatthewEvans - BFM1 - Software I - C968", "MatthewEvans - BFM1 - Software I - C968.csproj", "{C445F574-E853-49A8-8E96-DFFEA73B5F64}"
EndProject
Global
	GlobalSection(SolutionConfigurationPlatforms) = preSolution
		Debug|Any CPU = Debug|Any CPU
		Release|Any CPU = Release|Any CPU
	EndGlobalSection
	GlobalSection(ProjectConfigurationPlatforms) = postSolution
		{C445F574-E853-49A8-8E96-DFFEA73B5F64}.Debug|Any CPU.ActiveCfg = Debug|Any CPU
		{C445F574-E853-49A8-8E96-DFFEA73B5F64}.Debug|Any CPU.Build.0 = Debug|Any CPU
		{C445F574-E853-49A8-8E96-DFFEA73B5F64}.Release|Any CPU.ActiveCfg = Release|Any CPU
		{C445F574-E853-49A8-8E96-DFFEA73B5F64}.Release|Any CPU.Build.0 = Release|Any CPU
	EndGlobalSection
	GlobalSection(SolutionProperties) = preSolution
		HideSolutionNode = FALSE
	EndGlobalSection
	GlobalSection(ExtensibilityGlobals) = postSolution
		SolutionGuid = {73DB9BCF-5253-4423-A242-DE7973408154}
	EndGlobalSection
EndGlobal
